{
  "nodes": {
    "agent-sandbox": {
      "inputs": {
        "nixpkgs": [
          "nixpkgs"
        ]
      },
      "locked": {
        "lastModified": 1787257591,
        "narHash": "sha256-r8Sm5s3QSRSSEtYh6goXBUEIj1qNe+Tg72MTx0upEnI=",
        "owner": "mdarocha",
        "repo": "agent-sandbox.nix",
        "rev": "150fec2c1b34a3ae0f5340a62ca77619b84851fb",
        "type": "github"
      },
      "original": {
        "owner": "mdarocha",
        "ref": "feat/allow-gpu",
        "repo": "agent-sandbox.nix",
        "type": "github"
      }
    },
    "anthropics-skills": {
      "flake": false,
      "locked": {
        "lastModified": 1787068925,
        "narHash": "sha256-0ZtHTJVHeW8jIprKgCo/yU2ZI2cZxUqD3Riet3UWdt8=",
        "owner": "anthropics",
        "repo": "skills",
        "rev": "0a64e398ec6bb34a494f0c347e8ccae53a862f8e",
        "type": "github"
      },
      "original": {
        "owner": "anthropics",
        "repo": "skills",
        "type": "github"
      }
    },
    "bun2nix": {
      "inputs": {
        "flake-parts": [
          "llm-agents",
          "flake-parts"
        ],
        "nixpkgs": [
          "llm-agents",
          "nixpkgs"
        ],
        "systems": [
          "llm-agents",
          "systems"
        ],
        "treefmt-nix": [
          "llm-agents",
          "treefmt-nix"
        ]
      },
      "locked": {
        "lastModified": 1784665499,
        "narHash": "sha256-9BMxlTxCCDAeoNLtb1a/st7udtTIJep+wpUzquA29VU=",
        "owner": "nix-community",
        "repo": "bun2nix",
        "rev": "0f2a1f0b6f42cebe3b149bf62d38754c5e0e9729",
        "type": "github"
      },
      "original": {
        "owner": "nix-community",
        "repo": "bun2nix",
        "type": "github"
      }
    },
    "flake-parts": {
      "inputs": {
        "nixpkgs-lib": [
          "llm-agents",
          "nixpkgs"
        ]
      },
      "locked": {
        "lastModified": 1785627969,
        "narHash": "sha256-4dtXQk/NMePegK/nWp5NSeuZKLATItOq61lpEvmXqGw=",
        "owner": "hercules-ci",
        "repo": "flake-parts",
        "rev": "427bf4bd9435fdf21321c8cc628c24efc14c0f7a",
        "type": "github"
      },
      "original": {
        "owner": "hercules-ci",
        "repo": "flake-parts",
        "type": "github"
      }
    },
    "home-manager": {
      "inputs": {
        "nixpkgs": [
          "nixpkgs"
        ]
      },
      "locked": {
        "lastModified": 1787176219,
        "narHash": "sha256-djoRr6jBpe35q/0JwAvXpFXg1Ktf+X54NU2RLR7wnHw=",
        "owner": "nix-community",
        "repo": "home-manager",
        "rev": "c53d643b3737e2fcd04e6cb3b3580ef50b2087a0",
        "type": "github"
      },
      "original": {
        "owner": "nix-community",
        "ref": "master",
        "repo": "home-manager",
        "type": "github"
      }
    },
    "humanizer": {
      "flake": false,
      "locked": {
        "lastModified": 1787119133,
        "narHash": "sha256-n08pud3m9ka1Ymqv6qinSCUku975FM2LJRboi9ur5D4=",
        "owner": "blader",
        "repo": "humanizer",
        "rev": "e2e92e7b4b8229253ed5c8e81dc65463fdeddda5",
        "type": "github"
      },
      "original": {
        "owner": "blader",
        "repo": "humanizer",
        "type": "github"
      }
    },
    "llm-agents": {
      "inputs": {
        "bun2nix": "bun2nix",
        "flake-parts": "flake-parts",
        "nixpkgs": "nixpkgs",
        "systems": "systems",
        "treefmt-nix": "treefmt-nix"
      },
      "locked": {
        "lastModified": 1787252197,
        "narHash": "sha256-6K9jl0sl257ppTU+RG1eVIwEtkx7KEPutae+CMNtAW4=",
        "owner": "numtide",
        "repo": "llm-agents.nix",
        "rev": "ab1f750326fab54710dcdbbf25cc1b37e2fc7347",
        "type": "github"
      },
      "original": {
        "owner": "numtide",
        "repo": "llm-agents.nix",
        "type": "github"
      }
    },
    "nixpkgs": {
      "locked": {
        "lastModified": 1787172299,
        "narHash": "sha256-PShzS87awOlE5XWkxUGBd/58/F+AtE2ZMgFffKj4r8s=",
        "owner": "NixOS",
        "repo": "nixpkgs",
        "rev": "07e1d92cdc0ed416cfa11ff3ca40d17e61cfba7a",
        "type": "github"
      },
      "original": {
        "owner": "NixOS",
        "ref": "nixpkgs-unstable",
        "repo": "nixpkgs",
        "type": "github"
      }
    },
    "nixpkgs_2": {
      "locked": {
        "lastModified": 1787172299,
        "narHash": "sha256-PShzS87awOlE5XWkxUGBd/58/F+AtE2ZMgFffKj4r8s=",
        "owner": "NixOS",
        "repo": "nixpkgs",
        "rev": "07e1d92cdc0ed416cfa11ff3ca40d17e61cfba7a",
        "type": "github"
      },
      "original": {
        "owner": "NixOS",
        "ref": "nixpkgs-unstable",
        "repo": "nixpkgs",
        "type": "github"
      }
    },
    "oh-my-zsh": {
      "flake": false,
      "locked": {
        "lastModified": 1787215387,
        "narHash": "sha256-YUyvKhjvEtsshwymZ2XrQgu/V7HBS/sTm4j9xJFlXag=",
        "owner": "ohmyzsh",
        "repo": "ohmyzsh",
        "rev": "d42209f2afa8ec3e6971e5b4695ff27f9d5670d2",
        "type": "github"
      },
      "original": {
        "owner": "ohmyzsh",
        "ref": "master",
        "repo": "ohmyzsh",
        "type": "github"
      }
    },
    "root": {
      "inputs": {
        "agent-sandbox": "agent-sandbox",
        "anthropics-skills": "anthropics-skills",
        "home-manager": "home-manager",
        "humanizer": "humanizer",
        "llm-agents": "llm-agents",
        "nixpkgs": "nixpkgs_2",
        "oh-my-zsh": "oh-my-zsh",
        "zsh-vanilli": "zsh-vanilli",
        "zsh-windows-title": "zsh-windows-title"
      }
    },
    "systems": {
      "locked": {
        "lastModified": 1681028828,
        "narHash": "sha256-Vy1rq5AaRuLzOxct8nz4T6wlgyUR7zLU309k9mBC768=",
        "owner": "nix-systems",
        "repo": "default",
        "rev": "da67096a3b9bf56a91d16901293e51ba5b49a27e",
        "type": "github"
      },
      "original": {
        "owner": "nix-systems",
        "repo": "default",
        "type": "github"
      }
    },
    "treefmt-nix": {
      "inputs": {
        "nixpkgs": [
          "llm-agents",
          "nixpkgs"
        ]
      },
      "locked": {
        "lastModified": 1786901030,
        "narHash": "sha256-WSFCsDSE5ffgD2MqzkM2CYjeFiKhRF/dJUN8uedb6YE=",
        "owner": "numtide",
        "repo": "treefmt-nix",
        "rev": "27b3b12a8e6375f28ebe122f07d230ca5459bbfa",
        "type": "github"
      },
      "original": {
        "owner": "numtide",
        "repo": "treefmt-nix",
        "type": "github"
      }
    },
    "zsh-vanilli": {
      "flake": false,
      "locked": {
        "lastModified": 1681900360,
        "narHash": "sha256-Oc8I/IUszDpUp6FkpOW33uNUcB/u54BB2m3afFzSG2A=",
        "owner": "yous",
        "repo": "vanilli.sh",
        "rev": "5a59e75fc76967c528c89a0d29abc6685526e68d",
        "type": "github"
      },
      "original": {
        "owner": "yous",
        "ref": "master",
        "repo": "vanilli.sh",
        "type": "github"
      }
    },
    "zsh-windows-title": {
      "flake": false,
      "locked": {
        "lastModified": 1648318754,
        "narHash": "sha256-k1RcIaxS7NcYgZv0VcmVN2ZYAmlaaIsbkurloRawgzw=",
        "owner": "mdarocha",
        "repo": "zsh-windows-title",
        "rev": "dfd98a0a32d90c3e5a9dd818465ab46f27e8ccaf",
        "type": "github"
      },
      "original": {
        "owner": "mdarocha",
        "ref": "master",
        "repo": "zsh-windows-title",
        "type": "github"
      }
    }
  },
  "root": "root",
  "version": 7
}
