{
  "nodes": {
    "flake-utils": {
      "inputs": {
        "systems": "systems"
      },
      "locked": {
        "lastModified": 1731533236,
        "narHash": "sha256-l0KFg5HjrsfsO/JpG+r7fRrqm12kzFHyUHqHCVpMMbI=",
        "owner": "numtide",
        "repo": "flake-utils",
        "rev": "11707dc2f618dd54ca8739b309ec4fc024de578b",
        "type": "github"
      },
      "original": {
        "owner": "numtide",
        "repo": "flake-utils",
        "type": "github"
      }
    },
    "home-manager": {
      "inputs": {
        "nixpkgs": [
          "nixpkgs"
        ]
      },
      "locked": {
        "lastModified": 1768770171,
        "narHash": "sha256-JPmLGZgdWa8QcQbbtBqyZhpmxIHZ3lUO48laERjw+4k=",
        "owner": "nix-community",
        "repo": "home-manager",
        "rev": "521d5ea1a229ba315dd1cceaf869946ddcc83d36",
        "type": "github"
      },
      "original": {
        "owner": "nix-community",
        "ref": "master",
        "repo": "home-manager",
        "type": "github"
      }
    },
    "nixgl": {
      "inputs": {
        "flake-utils": "flake-utils",
        "nixpkgs": [
          "nixpkgs"
        ]
      },
      "locked": {
        "lastModified": 1762090880,
        "narHash": "sha256-fbRQzIGPkjZa83MowjbD2ALaJf9y6KMDdJBQMKFeY/8=",
        "owner": "nix-community",
        "repo": "nixGL",
        "rev": "b6105297e6f0cd041670c3e8628394d4ee247ed5",
        "type": "github"
      },
      "original": {
        "owner": "nix-community",
        "repo": "nixGL",
        "type": "github"
      }
    },
    "nixpkgs": {
      "locked": {
        "lastModified": 1768661221,
        "narHash": "sha256-MJwOjrIISfOpdI9x4C+5WFQXvHtOuj5mqLZ4TMEtk1M=",
        "owner": "NixOS",
        "repo": "nixpkgs",
        "rev": "3327b113f2ef698d380df83fbccefad7e83d7769",
        "type": "github"
      },
      "original": {
        "owner": "NixOS",
        "ref": "nixpkgs-unstable",
        "repo": "nixpkgs",
        "type": "github"
      }
    },
    "oh-my-zsh": {
      "flake": false,
      "locked": {
        "lastModified": 1768758645,
        "narHash": "sha256-T+V2w4keTAx0sVvGDA8keXnOwFQB05CrCT5NyRbKx8E=",
        "owner": "ohmyzsh",
        "repo": "ohmyzsh",
        "rev": "834fbf371196b6136dacf113b90713c2f2f42a6f",
        "type": "github"
      },
      "original": {
        "owner": "ohmyzsh",
        "ref": "master",
        "repo": "ohmyzsh",
        "type": "github"
      }
    },
    "root": {
      "inputs": {
        "home-manager": "home-manager",
        "nixgl": "nixgl",
        "nixpkgs": "nixpkgs",
        "oh-my-zsh": "oh-my-zsh",
        "zsh-vanilli": "zsh-vanilli",
        "zsh-windows-title": "zsh-windows-title"
      }
    },
    "systems": {
      "locked": {
        "lastModified": 1681028828,
        "narHash": "sha256-Vy1rq5AaRuLzOxct8nz4T6wlgyUR7zLU309k9mBC768=",
        "owner": "nix-systems",
        "repo": "default",
        "rev": "da67096a3b9bf56a91d16901293e51ba5b49a27e",
        "type": "github"
      },
      "original": {
        "owner": "nix-systems",
        "repo": "default",
        "type": "github"
      }
    },
    "zsh-vanilli": {
      "flake": false,
      "locked": {
        "lastModified": 1681900360,
        "narHash": "sha256-Oc8I/IUszDpUp6FkpOW33uNUcB/u54BB2m3afFzSG2A=",
        "owner": "yous",
        "repo": "vanilli.sh",
        "rev": "5a59e75fc76967c528c89a0d29abc6685526e68d",
        "type": "github"
      },
      "original": {
        "owner": "yous",
        "ref": "master",
        "repo": "vanilli.sh",
        "type": "github"
      }
    },
    "zsh-windows-title": {
      "flake": false,
      "locked": {
        "lastModified": 1648318754,
        "narHash": "sha256-k1RcIaxS7NcYgZv0VcmVN2ZYAmlaaIsbkurloRawgzw=",
        "owner": "mdarocha",
        "repo": "zsh-windows-title",
        "rev": "dfd98a0a32d90c3e5a9dd818465ab46f27e8ccaf",
        "type": "github"
      },
      "original": {
        "owner": "mdarocha",
        "ref": "master",
        "repo": "zsh-windows-title",
        "type": "github"
      }
    }
  },
  "root": "root",
  "version": 7
}
