{
  "nodes": {
    "anthropics-skills": {
      "flake": false,
      "locked": {
        "lastModified": 1791571549,
        "narHash": "sha256-+UIqBnzyeIOvJSKYaDaE3GYPEpLw7qQqyUw5S971AfU=",
        "owner": "anthropics",
        "repo": "skills",
        "rev": "dbd4588f9e1033efb41dad4bef2f7947c8993d44",
        "type": "github"
      },
      "original": {
        "owner": "anthropics",
        "repo": "skills",
        "type": "github"
      }
    },
    "bun2nix": {
      "inputs": {
        "flake-parts": [
          "llm-agents",
          "flake-parts"
        ],
        "nixpkgs": [
          "llm-agents",
          "nixpkgs"
        ],
        "systems": [
          "llm-agents",
          "systems"
        ],
        "treefmt-nix": [
          "llm-agents",
          "treefmt-nix"
        ]
      },
      "locked": {
        "lastModified": 1790001035,
        "narHash": "sha256-1/SLBjSYBzDdDhvLQ83wrzBakyS/xNGgtxHGNuveOEQ=",
        "owner": "Mic92",
        "repo": "bun2nix",
        "rev": "07a5bfc8ac36c5370199343fa620b69f63186e33",
        "type": "github"
      },
      "original": {
        "owner": "Mic92",
        "ref": "llm-agents",
        "repo": "bun2nix",
        "type": "github"
      }
    },
    "flake-parts": {
      "inputs": {
        "nixpkgs-lib": [
          "nixpkgs"
        ]
      },
      "locked": {
        "lastModified": 1790898470,
        "narHash": "sha256-zTwuwezD0w3hpga6a6P8emidzAZFyWqlNeRBlpWOOl8=",
        "owner": "hercules-ci",
        "repo": "flake-parts",
        "rev": "024633cd702b10285db5cb19b40ad48d2399ba60",
        "type": "github"
      },
      "original": {
        "owner": "hercules-ci",
        "repo": "flake-parts",
        "type": "github"
      }
    },
    "flake-parts_2": {
      "inputs": {
        "nixpkgs-lib": [
          "llm-agents",
          "nixpkgs"
        ]
      },
      "locked": {
        "lastModified": 1790898470,
        "narHash": "sha256-zTwuwezD0w3hpga6a6P8emidzAZFyWqlNeRBlpWOOl8=",
        "owner": "hercules-ci",
        "repo": "flake-parts",
        "rev": "024633cd702b10285db5cb19b40ad48d2399ba60",
        "type": "github"
      },
      "original": {
        "owner": "hercules-ci",
        "repo": "flake-parts",
        "type": "github"
      }
    },
    "flake-parts_3": {
      "inputs": {
        "nixpkgs-lib": [
          "nixvim",
          "nixpkgs"
        ]
      },
      "locked": {
        "lastModified": 1790898470,
        "narHash": "sha256-zTwuwezD0w3hpga6a6P8emidzAZFyWqlNeRBlpWOOl8=",
        "owner": "hercules-ci",
        "repo": "flake-parts",
        "rev": "024633cd702b10285db5cb19b40ad48d2399ba60",
        "type": "github"
      },
      "original": {
        "owner": "hercules-ci",
        "repo": "flake-parts",
        "type": "github"
      }
    },
    "home-manager": {
      "inputs": {
        "nixpkgs": [
          "nixpkgs"
        ]
      },
      "locked": {
        "lastModified": 1791600313,
        "narHash": "sha256-/2gb2WTztITD/JU1XUCg63vDsIfJGLr0LDsjSCTTJc8=",
        "owner": "nix-community",
        "repo": "home-manager",
        "rev": "427c74a88a93cc9f856c8bb99bf6b4a5187a6b33",
        "type": "github"
      },
      "original": {
        "owner": "nix-community",
        "ref": "master",
        "repo": "home-manager",
        "type": "github"
      }
    },
    "humanizer": {
      "flake": false,
      "locked": {
        "lastModified": 1790574878,
        "narHash": "sha256-n8cbTzhlGf8VnWpPukq7XD2mucIrqyE1XMpAAc5oA8A=",
        "owner": "blader",
        "repo": "humanizer",
        "rev": "225a6f39ac85f76ee48dbad772ea4abe4ed6c9d8",
        "type": "github"
      },
      "original": {
        "owner": "blader",
        "repo": "humanizer",
        "type": "github"
      }
    },
    "llm-agents": {
      "inputs": {
        "bun2nix": "bun2nix",
        "flake-parts": "flake-parts_2",
        "nixpkgs": [
          "nixpkgs"
        ],
        "systems": "systems",
        "treefmt-nix": "treefmt-nix"
      },
      "locked": {
        "lastModified": 1791612911,
        "narHash": "sha256-gG794N9c3eyZgIolqXwNuIuSbTNzOlMZ2p5MkXvNdGs=",
        "owner": "numtide",
        "repo": "llm-agents.nix",
        "rev": "32b0d7443782bdeacea2bed59ef66d522b8a2097",
        "type": "github"
      },
      "original": {
        "owner": "numtide",
        "repo": "llm-agents.nix",
        "type": "github"
      }
    },
    "nixpkgs": {
      "locked": {
        "lastModified": 1791487292,
        "narHash": "sha256-tqM7xDEsaeK1p6VvRygeZ9LkQRpUUkbRT02BHv6hnTM=",
        "owner": "NixOS",
        "repo": "nixpkgs",
        "rev": "8edc0c72e3a38faf5434e40d1f19431125fe4b30",
        "type": "github"
      },
      "original": {
        "owner": "NixOS",
        "ref": "nixpkgs-unstable",
        "repo": "nixpkgs",
        "type": "github"
      }
    },
    "nixpkgs_2": {
      "locked": {
        "lastModified": 1791366222,
        "narHash": "sha256-o0N4g6uSOIppU7CGToNvGlMf5vC+B6O6ukFHKY/TKOY=",
        "owner": "NixOS",
        "repo": "nixpkgs",
        "rev": "39ad350a0602fa0a58a544344e3e9187526ea45c",
        "type": "github"
      },
      "original": {
        "owner": "NixOS",
        "ref": "nixpkgs-unstable",
        "repo": "nixpkgs",
        "type": "github"
      }
    },
    "nixvim": {
      "inputs": {
        "flake-parts": "flake-parts_3",
        "nixpkgs": "nixpkgs_2",
        "systems": "systems_2"
      },
      "locked": {
        "lastModified": 1791574898,
        "narHash": "sha256-hZbiKS5wzcqoKR0xwzxhJAyp1JuTL2CloYON040FJNk=",
        "owner": "nix-community",
        "repo": "nixvim",
        "rev": "2c6d56d2df7c159ef629871cfd673de237e1fc38",
        "type": "github"
      },
      "original": {
        "owner": "nix-community",
        "repo": "nixvim",
        "type": "github"
      }
    },
    "oh-my-zsh": {
      "flake": false,
      "locked": {
        "lastModified": 1791555077,
        "narHash": "sha256-uH64MqoZDdxMiwpvp//mTgaLTpr3NntwYk3ERM3IqFg=",
        "owner": "ohmyzsh",
        "repo": "ohmyzsh",
        "rev": "42a4ccb1b14dbeffe81259105a5243b4f4cb618e",
        "type": "github"
      },
      "original": {
        "owner": "ohmyzsh",
        "ref": "master",
        "repo": "ohmyzsh",
        "type": "github"
      }
    },
    "pi-automode": {
      "flake": false,
      "locked": {
        "lastModified": 1790350831,
        "narHash": "sha256-bJXTRh7t1ZoCYJwdlTy1/77qKiDEeSP+DklEghR1DSY=",
        "owner": "czottmann",
        "repo": "pi-automode",
        "rev": "e69c02036b56ca9c6a42035623bab7d4ddf73ca5",
        "type": "github"
      },
      "original": {
        "owner": "czottmann",
        "repo": "pi-automode",
        "type": "github"
      }
    },
    "root": {
      "inputs": {
        "anthropics-skills": "anthropics-skills",
        "flake-parts": "flake-parts",
        "home-manager": "home-manager",
        "humanizer": "humanizer",
        "llm-agents": "llm-agents",
        "nixpkgs": "nixpkgs",
        "nixvim": "nixvim",
        "oh-my-zsh": "oh-my-zsh",
        "pi-automode": "pi-automode",
        "zsh-vanilli": "zsh-vanilli",
        "zsh-windows-title": "zsh-windows-title"
      }
    },
    "systems": {
      "locked": {
        "lastModified": 1791244623,
        "narHash": "sha256-uuanbkFk8a313Zfrxdcz8Us/yQtaxNnKJtX8v0ZPpd8=",
        "owner": "nix-systems",
        "repo": "default",
        "rev": "d36eeed142f88b5a636f2e3856a53c61654cf29b",
        "type": "github"
      },
      "original": {
        "owner": "nix-systems",
        "repo": "default",
        "type": "github"
      }
    },
    "systems_2": {
      "flake": false,
      "locked": {
        "lastModified": 1791244623,
        "narHash": "sha256-uuanbkFk8a313Zfrxdcz8Us/yQtaxNnKJtX8v0ZPpd8=",
        "owner": "nix-systems",
        "repo": "default",
        "rev": "d36eeed142f88b5a636f2e3856a53c61654cf29b",
        "type": "github"
      },
      "original": {
        "owner": "nix-systems",
        "ref": "future-26.11",
        "repo": "default",
        "type": "github"
      }
    },
    "treefmt-nix": {
      "inputs": {
        "nixpkgs": [
          "llm-agents",
          "nixpkgs"
        ]
      },
      "locked": {
        "lastModified": 1791490544,
        "narHash": "sha256-qScE7Wz6Zg7eg8ItUpnkmKgst8weWschGe0E8jM4rj4=",
        "owner": "numtide",
        "repo": "treefmt-nix",
        "rev": "4cfe8d7065cc8ca91c0a50361b6dd74920eeb1f5",
        "type": "github"
      },
      "original": {
        "owner": "numtide",
        "repo": "treefmt-nix",
        "type": "github"
      }
    },
    "zsh-vanilli": {
      "flake": false,
      "locked": {
        "lastModified": 1681900360,
        "narHash": "sha256-Oc8I/IUszDpUp6FkpOW33uNUcB/u54BB2m3afFzSG2A=",
        "owner": "yous",
        "repo": "vanilli.sh",
        "rev": "5a59e75fc76967c528c89a0d29abc6685526e68d",
        "type": "github"
      },
      "original": {
        "owner": "yous",
        "ref": "master",
        "repo": "vanilli.sh",
        "type": "github"
      }
    },
    "zsh-windows-title": {
      "flake": false,
      "locked": {
        "lastModified": 1648318754,
        "narHash": "sha256-k1RcIaxS7NcYgZv0VcmVN2ZYAmlaaIsbkurloRawgzw=",
        "owner": "mdarocha",
        "repo": "zsh-windows-title",
        "rev": "dfd98a0a32d90c3e5a9dd818465ab46f27e8ccaf",
        "type": "github"
      },
      "original": {
        "owner": "mdarocha",
        "ref": "master",
        "repo": "zsh-windows-title",
        "type": "github"
      }
    }
  },
  "root": "root",
  "version": 7
}
